github.com/PearceChen42/puppy v0.0.0-20250915215533-399c9e1fe475 h1:fmxhg56/VBqMEXr7Mf7STQ07nDsDSz8Pmqo3TElWixo=
github.com/PearceChen42/puppy v0.0.0-20250915215533-399c9e1fe475/go.mod h1:j2dALyhHAplUT6zv8Fk8kbydTwyhaOeg8yI/hAkRxo0=
github.com/PearceChen42/puppy v1.3.0 h1:KjkOnaNL1YQRXoGRA3+0vmQFb+fQ5QNWMUAeihDZk5E=
github.com/PearceChen42/puppy v1.3.0/go.mod h1:j2dALyhHAplUT6zv8Fk8kbydTwyhaOeg8yI/hAkRxo0=
